Microsoft Visual Studio Solution File, Format Version 12.00
# Visual Studio Version 17
VisualStudioVersion = 17.3.32929.385
MinimumVisualStudioVersion = 10.0.40219.1
Project("{C7167F0D-BC9F-4E6E-AFE1-012C56B48DB5}") = "EnviroApp.Package", "EnviroApp.Package\EnviroApp.Package.wapproj", "{36B3544C-D491-45B5-A0BB-A1FD8D8E6A61}"
EndProject
Project("{8BC9CEB8-8B4A-11D0-8D11-00A0C91BC942}") = "EnviroApp", "EnviroApp\EnviroApp.vcxproj", "{DDBC5F7E-24CC-4873-99F5-125F23DD8C82}"
EndProject
Project("{FAE04EC0-301F-11D3-BF4B-00C04F79EFBC}") = "Microsoft.ReactNative.Managed", "..\node_modules\react-native-windows\Microsoft.ReactNative.Managed\Microsoft.ReactNative.Managed.csproj", "{F2824844-CE15-4242-9420-308923CD76C3}"
EndProject
Project("{9A19103F-16F7-4668-BE54-9A1E7A4F7556}") = "Microsoft.ReactNative.Managed.CodeGen", "..\node_modules\react-native-windows\Microsoft.ReactNative.Managed.CodeGen\Microsoft.ReactNative.Managed.CodeGen.csproj", "{ADED4FBE-887D-4271-AF24-F0823BCE7961}"
EndProject
Global
	GlobalSection(SolutionConfigurationPlatforms) = preSolution
		Debug|x64 = Debug|x64
		Debug|x86 = Debug|x86
		Debug|ARM64 = Debug|ARM64
		Release|x64 = Release|x64
		Release|x86 = Release|x86
		Release|ARM64 = Release|ARM64
	EndGlobalSection
	GlobalSection(ProjectConfigurationPlatforms) = postSolution
		{36B3544C-D491-45B5-A0BB-A1FD8D8E6A61}.Debug|x64.ActiveCfg = Debug|x64
		{36B3544C-D491-45B5-A0BB-A1FD8D8E6A61}.Debug|x64.Build.0 = Debug|x64
		{36B3544C-D491-45B5-A0BB-A1FD8D8E6A61}.Debug|x64.Deploy.0 = Debug|x64
		{36B3544C-D491-45B5-A0BB-A1FD8D8E6A61}.Debug|x86.ActiveCfg = Debug|x86
		{36B3544C-D491-45B5-A0BB-A1FD8D8E6A61}.Debug|x86.Build.0 = Debug|x86
		{36B3544C-D491-45B5-A0BB-A1FD8D8E6A61}.Debug|x86.Deploy.0 = Debug|x86
		{36B3544C-D491-45B5-A0BB-A1FD8D8E6A61}.Debug|ARM64.ActiveCfg = Debug|ARM64
		{36B3544C-D491-45B5-A0BB-A1FD8D8E6A61}.Debug|ARM64.Build.0 = Debug|ARM64
		{36B3544C-D491-45B5-A0BB-A1FD8D8E6A61}.Debug|ARM64.Deploy.0 = Debug|ARM64
		{36B3544C-D491-45B5-A0BB-A1FD8D8E6A61}.Release|x64.ActiveCfg = Release|x64
		{36B3544C-D491-45B5-A0BB-A1FD8D8E6A61}.Release|x64.Build.0 = Release|x64
		{36B3544C-D491-45B5-A0BB-A1FD8D8E6A61}.Release|x64.Deploy.0 = Release|x64
		{36B3544C-D491-45B5-A0BB-A1FD8D8E6A61}.Release|x86.ActiveCfg = Release|x86
		{36B3544C-D491-45B5-A0BB-A1FD8D8E6A61}.Release|x86.Build.0 = Release|x86
		{36B3544C-D491-45B5-A0BB-A1FD8D8E6A61}.Release|x86.Deploy.0 = Release|x86
		{36B3544C-D491-45B5-A0BB-A1FD8D8E6A61}.Release|ARM64.ActiveCfg = Release|ARM64
		{36B3544C-D491-45B5-A0BB-A1FD8D8E6A61}.Release|ARM64.Build.0 = Release|ARM64
		{36B3544C-D491-45B5-A0BB-A1FD8D8E6A61}.Release|ARM64.Deploy.0 = Release|ARM64

		{DDBC5F7E-24CC-4873-99F5-125F23DD8C82}.Debug|x64.ActiveCfg = Debug|x64
		{DDBC5F7E-24CC-4873-99F5-125F23DD8C82}.Debug|x64.Build.0 = Debug|x64
		{DDBC5F7E-24CC-4873-99F5-125F23DD8C82}.Debug|x64.Deploy.0 = Debug|x64
		{DDBC5F7E-24CC-4873-99F5-125F23DD8C82}.Debug|x86.ActiveCfg = Debug|Win32
		{DDBC5F7E-24CC-4873-99F5-125F23DD8C82}.Debug|x86.Build.0 = Debug|Win32
		{DDBC5F7E-24CC-4873-99F5-125F23DD8C82}.Debug|x86.Deploy.0 = Debug|Win32
		{DDBC5F7E-24CC-4873-99F5-125F23DD8C82}.Debug|ARM64.ActiveCfg = Debug|ARM64
		{DDBC5F7E-24CC-4873-99F5-125F23DD8C82}.Debug|ARM64.Build.0 = Debug|ARM64
		{DDBC5F7E-24CC-4873-99F5-125F23DD8C82}.Debug|ARM64.Deploy.0 = Debug|ARM64
		{DDBC5F7E-24CC-4873-99F5-125F23DD8C82}.Release|x64.ActiveCfg = Release|x64
		{DDBC5F7E-24CC-4873-99F5-125F23DD8C82}.Release|x64.Build.0 = Release|x64
		{DDBC5F7E-24CC-4873-99F5-125F23DD8C82}.Release|x64.Deploy.0 = Release|x64
		{DDBC5F7E-24CC-4873-99F5-125F23DD8C82}.Release|x86.ActiveCfg = Release|Win32
		{DDBC5F7E-24CC-4873-99F5-125F23DD8C82}.Release|x86.Build.0 = Release|Win32
		{DDBC5F7E-24CC-4873-99F5-125F23DD8C82}.Release|x86.Deploy.0 = Release|Win32
		{DDBC5F7E-24CC-4873-99F5-125F23DD8C82}.Release|ARM64.ActiveCfg = Release|ARM64
		{DDBC5F7E-24CC-4873-99F5-125F23DD8C82}.Release|ARM64.Build.0 = Release|ARM64
		{DDBC5F7E-24CC-4873-99F5-125F23DD8C82}.Release|ARM64.Deploy.0 = Release|ARM64

		{F2824844-CE15-4242-9420-308923CD76C3}.Debug|x64.ActiveCfg = Debug|x64
		{F2824844-CE15-4242-9420-308923CD76C3}.Debug|x64.Build.0 = Debug|x64
		{F2824844-CE15-4242-9420-308923CD76C3}.Debug|x86.ActiveCfg = Debug|x86
		{F2824844-CE15-4242-9420-308923CD76C3}.Debug|x86.Build.0 = Debug|x86
		{F2824844-CE15-4242-9420-308923CD76C3}.Debug|ARM64.ActiveCfg = Debug|ARM64
		{F2824844-CE15-4242-9420-308923CD76C3}.Debug|ARM64.Build.0 = Debug|ARM64
		{F2824844-CE15-4242-9420-308923CD76C3}.Release|x64.ActiveCfg = Release|x64
		{F2824844-CE15-4242-9420-308923CD76C3}.Release|x64.Build.0 = Release|x64
		{F2824844-CE15-4242-9420-308923CD76C3}.Release|x86.ActiveCfg = Release|x86
		{F2824844-CE15-4242-9420-308923CD76C3}.Release|x86.Build.0 = Release|x86
		{F2824844-CE15-4242-9420-308923CD76C3}.Release|ARM64.ActiveCfg = Release|ARM64
		{F2824844-CE15-4242-9420-308923CD76C3}.Release|ARM64.Build.0 = Release|ARM64

		{ADED4FBE-887D-4271-AF24-F0823BCE7961}.Debug|x64.ActiveCfg = Debug|x64
		{ADED4FBE-887D-4271-AF24-F0823BCE7961}.Debug|x64.Build.0 = Debug|x64
		{ADED4FBE-887D-4271-AF24-F0823BCE7961}.Debug|x86.ActiveCfg = Debug|x86
		{ADED4FBE-887D-4271-AF24-F0823BCE7961}.Debug|x86.Build.0 = Debug|x86
		{ADED4FBE-887D-4271-AF24-F0823BCE7961}.Debug|ARM64.ActiveCfg = Debug|ARM64
		{ADED4FBE-887D-4271-AF24-F0823BCE7961}.Debug|ARM64.Build.0 = Debug|ARM64
		{ADED4FBE-887D-4271-AF24-F0823BCE7961}.Release|x64.ActiveCfg = Release|x64
		{ADED4FBE-887D-4271-AF24-F0823BCE7961}.Release|x64.Build.0 = Release|x64
		{ADED4FBE-887D-4271-AF24-F0823BCE7961}.Release|x86.ActiveCfg = Release|x86
		{ADED4FBE-887D-4271-AF24-F0823BCE7961}.Release|x86.Build.0 = Release|x86
		{ADED4FBE-887D-4271-AF24-F0823BCE7961}.Release|ARM64.ActiveCfg = Release|ARM64
		{ADED4FBE-887D-4271-AF24-F0823BCE7961}.Release|ARM64.Build.0 = Release|ARM64
	EndGlobalSection
	GlobalSection(SolutionProperties) = preSolution
		HideSolutionNode = FALSE
	EndGlobalSection
	GlobalSection(ExtensibilityGlobals) = postSolution
		SolutionGuid = {D43FAD39-F619-437D-BB40-04A3982ACB6A}
	EndGlobalSection
EndGlobal